
Microsoft Visual Studio Solution File, Format Version 12.00
# Visual Studio 15
VisualStudioVersion = 15.0.28010.2046
MinimumVisualStudioVersion = 10.0.40219.1
Project("{FAE04EC0-301F-11D3-BF4B-00C04F79EFBC}") = "treePage", "treePage\treePage.csproj", "{469CA145-204C-4E3A-8298-616AB53021FA}"
EndProject
Global
	GlobalSection(SolutionConfigurationPlatforms) = preSolution
		Debug|Any CPU = Debug|Any CPU
		Release|Any CPU = Release|Any CPU
	EndGlobalSection
	GlobalSection(ProjectConfigurationPlatforms) = postSolution
		{469CA145-204C-4E3A-8298-616AB53021FA}.Debug|Any CPU.ActiveCfg = Debug|Any CPU
		{469CA145-204C-4E3A-8298-616AB53021FA}.Debug|Any CPU.Build.0 = Debug|Any CPU
		{469CA145-204C-4E3A-8298-616AB53021FA}.Release|Any CPU.ActiveCfg = Release|Any CPU
		{469CA145-204C-4E3A-8298-616AB53021FA}.Release|Any CPU.Build.0 = Release|Any CPU
	EndGlobalSection
	GlobalSection(SolutionProperties) = preSolution
		HideSolutionNode = FALSE
	EndGlobalSection
	GlobalSection(ExtensibilityGlobals) = postSolution
		SolutionGuid = {C82448E1-774B-469F-891A-B82641FD3BEB}
	EndGlobalSection
EndGlobal
